{
  "nodes": {
    "nixpkgs": {
      "locked": {
        "lastModified": 1671473896,
        "narHash": "sha256-mdIxpGEfiEQdfdqvPO7JXln1885z+awbbUXONd+eGug=",
        "owner": "nixos",
        "repo": "nixpkgs",
        "rev": "ba86945ee00a5c046f68451c1db279ea5e2bc797",
        "type": "github"
      },
      "original": {
        "owner": "nixos",
        "ref": "nixos-22.11-small",
        "repo": "nixpkgs",
        "type": "github"
      }
    },
    "root": {
      "inputs": {
        "nixpkgs": "nixpkgs"
      }
    }
  },
  "root": "root",
  "version": 7
}
